// !$*UTF8*$!
{
	archiveVersion = 1;
	classes = {
	};
	objectVersion = 50;
	objects = {

/* Begin PBXBuildFile section */
		55186CFB23A4582E001B5A99 /* GUI.cpp in Sources */ = {isa = PBXBuildFile; fileRef = 55186CF923A4582E001B5A99 /* GUI.cpp */; };
		55186CFE23A45981001B5A99 /* Case.cpp in Sources */ = {isa = PBXBuildFile; fileRef = 55186CFD23A45981001B5A99 /* Case.cpp */; };
		55186D0023A45A17001B5A99 /* Tissue_Parameters_Dialog.cpp in Sources */ = {isa = PBXBuildFile; fileRef = 55186CFF23A45A17001B5A99 /* Tissue_Parameters_Dialog.cpp */; };
		55186D0323A45D9F001B5A99 /* Color_Key.cpp in Sources */ = {isa = PBXBuildFile; fileRef = 55186D0223A45D9F001B5A99 /* Color_Key.cpp */; };
		55186D0623A45E09001B5A99 /* Palette.cpp in Sources */ = {isa = PBXBuildFile; fileRef = 55186D0523A45E09001B5A99 /* Palette.cpp */; };
		55186D0A23A45EDF001B5A99 /* History_View.cpp in Sources */ = {isa = PBXBuildFile; fileRef = 55186D0923A45EDF001B5A99 /* History_View.cpp */; };
		55186D0D23A45F4C001B5A99 /* Caption.cpp in Sources */ = {isa = PBXBuildFile; fileRef = 55186D0C23A45F4C001B5A99 /* Caption.cpp */; };
		55186D1123A45FCF001B5A99 /* Connect_Adjacent_Points.cpp in Sources */ = {isa = PBXBuildFile; fileRef = 55186D0F23A45FCF001B5A99 /* Connect_Adjacent_Points.cpp */; };
		55186D1423A4602C001B5A99 /* Dual_3d_View.cpp in Sources */ = {isa = PBXBuildFile; fileRef = 55186D1223A4602C001B5A99 /* Dual_3d_View.cpp */; };
		55186D1723A4609C001B5A99 /* gl_pixel_projection.cpp in Sources */ = {isa = PBXBuildFile; fileRef = 55186D1523A4609C001B5A99 /* gl_pixel_projection.cpp */; };
		55186D1A23A460F7001B5A99 /* gl_save_backbuffer_as_bmp.cpp in Sources */ = {isa = PBXBuildFile; fileRef = 55186D1823A460F7001B5A99 /* gl_save_backbuffer_as_bmp.cpp */; };
		55186D1D23A4614A001B5A99 /* gl_unproject.cpp in Sources */ = {isa = PBXBuildFile; fileRef = 55186D1B23A4614A001B5A99 /* gl_unproject.cpp */; };
		55186D2023A461D3001B5A99 /* Grid_Vertex_Selection.cpp in Sources */ = {isa = PBXBuildFile; fileRef = 55186D1E23A461D3001B5A99 /* Grid_Vertex_Selection.cpp */; };
		55186D2323A46214001B5A99 /* Grid_View.cpp in Sources */ = {isa = PBXBuildFile; fileRef = 55186D2123A46214001B5A99 /* Grid_View.cpp */; };
		55186D2623A46293001B5A99 /* Multi_Grid_View.cpp in Sources */ = {isa = PBXBuildFile; fileRef = 55186D2423A46293001B5A99 /* Multi_Grid_View.cpp */; };
		55186D2923A46347001B5A99 /* resources.cpp in Sources */ = {isa = PBXBuildFile; fileRef = 55186D2823A46347001B5A99 /* resources.cpp */; };
		55186D2C23A4638C001B5A99 /* reviewGUI.cpp in Sources */ = {isa = PBXBuildFile; fileRef = 55186D2A23A4638C001B5A99 /* reviewGUI.cpp */; };
		55186D2E23A463F7001B5A99 /* Strip_Slice_Array_3d_Test.cpp in Sources */ = {isa = PBXBuildFile; fileRef = 55186D2D23A463F7001B5A99 /* Strip_Slice_Array_3d_Test.cpp */; };
		55186D3323A46485001B5A99 /* Tissue_Viewer.cpp in Sources */ = {isa = PBXBuildFile; fileRef = 55186D3123A46485001B5A99 /* Tissue_Viewer.cpp */; };
		55186D3623A464CC001B5A99 /* Trackball.cpp in Sources */ = {isa = PBXBuildFile; fileRef = 55186D3423A464CC001B5A99 /* Trackball.cpp */; };
		55186D3923A46509001B5A99 /* View_3d.cpp in Sources */ = {isa = PBXBuildFile; fileRef = 55186D3723A46509001B5A99 /* View_3d.cpp */; };
		55186D3C23A46542001B5A99 /* wxGLCanvas2.cpp in Sources */ = {isa = PBXBuildFile; fileRef = 55186D3A23A46542001B5A99 /* wxGLCanvas2.cpp */; };
		55186D3F23A46578001B5A99 /* Zoom.cpp in Sources */ = {isa = PBXBuildFile; fileRef = 55186D3D23A46578001B5A99 /* Zoom.cpp */; };
		A06D8E92237CA9220072B101 /* Unlikely_Event.cpp in Sources */ = {isa = PBXBuildFile; fileRef = A06D8E76237CA91F0072B101 /* Unlikely_Event.cpp */; };
		A06D8E93237CA9220072B101 /* CLI.cpp in Sources */ = {isa = PBXBuildFile; fileRef = A06D8E7B237CA9200072B101 /* CLI.cpp */; };
		A06D8E94237CA9220072B101 /* Small_Sequence.cpp in Sources */ = {isa = PBXBuildFile; fileRef = A06D8E7C237CA9200072B101 /* Small_Sequence.cpp */; };
		A06D8E95237CA9220072B101 /* Random_Number_Generator.cpp in Sources */ = {isa = PBXBuildFile; fileRef = A06D8E7D237CA9200072B101 /* Random_Number_Generator.cpp */; };
		A06D8E96237CA9220072B101 /* Bit_Vector.cpp in Sources */ = {isa = PBXBuildFile; fileRef = A06D8E80237CA9200072B101 /* Bit_Vector.cpp */; };
		A06D8E97237CA9220072B101 /* Tissue_Genotype_History.cpp in Sources */ = {isa = PBXBuildFile; fileRef = A06D8E83237CA9200072B101 /* Tissue_Genotype_History.cpp */; };
		A06D8E98237CA9220072B101 /* Hash.cpp in Sources */ = {isa = PBXBuildFile; fileRef = A06D8E89237CA9210072B101 /* Hash.cpp */; };
		A06D8E99237CA9220072B101 /* Limited_History.cpp in Sources */ = {isa = PBXBuildFile; fileRef = A06D8E8D237CA9210072B101 /* Limited_History.cpp */; };
		A06D8E9A237CA9220072B101 /* Tissue.cpp in Sources */ = {isa = PBXBuildFile; fileRef = A06D8E8E237CA9210072B101 /* Tissue.cpp */; };
		A06D8E9B237CA9220072B101 /* Tissue_Parameters.cpp in Sources */ = {isa = PBXBuildFile; fileRef = A06D8E91237CA9220072B101 /* Tissue_Parameters.cpp */; };
/* End PBXBuildFile section */

/* Begin PBXCopyFilesBuildPhase section */
		A0858E85236A344600B7BD5E /* CopyFiles */ = {
			isa = PBXCopyFilesBuildPhase;
			buildActionMask = 2147483647;
			dstPath = /usr/share/man/man1/;
			dstSubfolderSpec = 0;
			files = (
			);
			runOnlyForDeploymentPostprocessing = 1;
		};
/* End PBXCopyFilesBuildPhase section */

/* Begin PBXFileReference section */
		55186CF923A4582E001B5A99 /* GUI.cpp */ = {isa = PBXFileReference; lastKnownFileType = sourcecode.cpp.cpp; path = GUI.cpp; sourceTree = "<group>"; };
		55186CFA23A4582E001B5A99 /* GUI.h */ = {isa = PBXFileReference; lastKnownFileType = sourcecode.c.h; path = GUI.h; sourceTree = "<group>"; };
		55186CFC23A45908001B5A99 /* Case.h */ = {isa = PBXFileReference; lastKnownFileType = sourcecode.c.h; path = Case.h; sourceTree = "<group>"; };
		55186CFD23A45981001B5A99 /* Case.cpp */ = {isa = PBXFileReference; lastKnownFileType = sourcecode.cpp.cpp; path = Case.cpp; sourceTree = "<group>"; };
		55186CFF23A45A17001B5A99 /* Tissue_Parameters_Dialog.cpp */ = {isa = PBXFileReference; lastKnownFileType = sourcecode.cpp.cpp; path = Tissue_Parameters_Dialog.cpp; sourceTree = "<group>"; };
		55186D0123A45A46001B5A99 /* Tissue_Parameters_Dialog.h */ = {isa = PBXFileReference; lastKnownFileType = sourcecode.c.h; path = Tissue_Parameters_Dialog.h; sourceTree = "<group>"; };
		55186D0223A45D9F001B5A99 /* Color_Key.cpp */ = {isa = PBXFileReference; lastKnownFileType = sourcecode.cpp.cpp; path = Color_Key.cpp; sourceTree = "<group>"; };
		55186D0423A45DCA001B5A99 /* Color_Key.h */ = {isa = PBXFileReference; lastKnownFileType = sourcecode.c.h; path = Color_Key.h; sourceTree = "<group>"; };
		55186D0523A45E09001B5A99 /* Palette.cpp */ = {isa = PBXFileReference; lastKnownFileType = sourcecode.cpp.cpp; path = Palette.cpp; sourceTree = "<group>"; };
		55186D0723A45E45001B5A99 /* Palette.h */ = {isa = PBXFileReference; lastKnownFileType = sourcecode.c.h; path = Palette.h; sourceTree = "<group>"; };
		55186D0823A45E73001B5A99 /* Color.h */ = {isa = PBXFileReference; lastKnownFileType = sourcecode.c.h; path = Color.h; sourceTree = "<group>"; };
		55186D0923A45EDF001B5A99 /* History_View.cpp */ = {isa = PBXFileReference; lastKnownFileType = sourcecode.cpp.cpp; path = History_View.cpp; sourceTree = "<group>"; };
		55186D0B23A45F04001B5A99 /* History_View.h */ = {isa = PBXFileReference; lastKnownFileType = sourcecode.c.h; path = History_View.h; sourceTree = "<group>"; };
		55186D0C23A45F4C001B5A99 /* Caption.cpp */ = {isa = PBXFileReference; lastKnownFileType = sourcecode.cpp.cpp; path = Caption.cpp; sourceTree = "<group>"; };
		55186D0E23A45F6F001B5A99 /* Caption.h */ = {isa = PBXFileReference; lastKnownFileType = sourcecode.c.h; path = Caption.h; sourceTree = "<group>"; };
		55186D0F23A45FCF001B5A99 /* Connect_Adjacent_Points.cpp */ = {isa = PBXFileReference; lastKnownFileType = sourcecode.cpp.cpp; path = Connect_Adjacent_Points.cpp; sourceTree = "<group>"; };
		55186D1023A45FCF001B5A99 /* Connect_Adjacent_Points.h */ = {isa = PBXFileReference; lastKnownFileType = sourcecode.c.h; path = Connect_Adjacent_Points.h; sourceTree = "<group>"; };
		55186D1223A4602C001B5A99 /* Dual_3d_View.cpp */ = {isa = PBXFileReference; lastKnownFileType = sourcecode.cpp.cpp; path = Dual_3d_View.cpp; sourceTree = "<group>"; };
		55186D1323A4602C001B5A99 /* Dual_3d_View.h */ = {isa = PBXFileReference; lastKnownFileType = sourcecode.c.h; path = Dual_3d_View.h; sourceTree = "<group>"; };
		55186D1523A4609C001B5A99 /* gl_pixel_projection.cpp */ = {isa = PBXFileReference; lastKnownFileType = sourcecode.cpp.cpp; path = gl_pixel_projection.cpp; sourceTree = "<group>"; };
		55186D1623A4609C001B5A99 /* gl_pixel_projection.h */ = {isa = PBXFileReference; lastKnownFileType = sourcecode.c.h; path = gl_pixel_projection.h; sourceTree = "<group>"; };
		55186D1823A460F7001B5A99 /* gl_save_backbuffer_as_bmp.cpp */ = {isa = PBXFileReference; lastKnownFileType = sourcecode.cpp.cpp; path = gl_save_backbuffer_as_bmp.cpp; sourceTree = "<group>"; };
		55186D1923A460F7001B5A99 /* gl_save_backbuffer_as_bmp.h */ = {isa = PBXFileReference; lastKnownFileType = sourcecode.c.h; path = gl_save_backbuffer_as_bmp.h; sourceTree = "<group>"; };
		55186D1B23A4614A001B5A99 /* gl_unproject.cpp */ = {isa = PBXFileReference; lastKnownFileType = sourcecode.cpp.cpp; path = gl_unproject.cpp; sourceTree = "<group>"; };
		55186D1C23A4614A001B5A99 /* gl_unproject.h */ = {isa = PBXFileReference; lastKnownFileType = sourcecode.c.h; path = gl_unproject.h; sourceTree = "<group>"; };
		55186D1E23A461D3001B5A99 /* Grid_Vertex_Selection.cpp */ = {isa = PBXFileReference; lastKnownFileType = sourcecode.cpp.cpp; path = Grid_Vertex_Selection.cpp; sourceTree = "<group>"; };
		55186D1F23A461D3001B5A99 /* Grid_Vertex_Selection.h */ = {isa = PBXFileReference; lastKnownFileType = sourcecode.c.h; path = Grid_Vertex_Selection.h; sourceTree = "<group>"; };
		55186D2123A46214001B5A99 /* Grid_View.cpp */ = {isa = PBXFileReference; lastKnownFileType = sourcecode.cpp.cpp; path = Grid_View.cpp; sourceTree = "<group>"; };
		55186D2223A46214001B5A99 /* Grid_View.h */ = {isa = PBXFileReference; lastKnownFileType = sourcecode.c.h; path = Grid_View.h; sourceTree = "<group>"; };
		55186D2423A46293001B5A99 /* Multi_Grid_View.cpp */ = {isa = PBXFileReference; lastKnownFileType = sourcecode.cpp.cpp; path = Multi_Grid_View.cpp; sourceTree = "<group>"; };
		55186D2523A46293001B5A99 /* Multi_Grid_View.h */ = {isa = PBXFileReference; lastKnownFileType = sourcecode.c.h; path = Multi_Grid_View.h; sourceTree = "<group>"; };
		55186D2723A462FE001B5A99 /* Point_3d.h */ = {isa = PBXFileReference; lastKnownFileType = sourcecode.c.h; path = Point_3d.h; sourceTree = "<group>"; };
		55186D2823A46347001B5A99 /* resources.cpp */ = {isa = PBXFileReference; lastKnownFileType = sourcecode.cpp.cpp; path = resources.cpp; sourceTree = "<group>"; };
		55186D2A23A4638C001B5A99 /* reviewGUI.cpp */ = {isa = PBXFileReference; lastKnownFileType = sourcecode.cpp.cpp; path = reviewGUI.cpp; sourceTree = "<group>"; };
		55186D2B23A4638C001B5A99 /* reviewGUI.h */ = {isa = PBXFileReference; lastKnownFileType = sourcecode.c.h; path = reviewGUI.h; sourceTree = "<group>"; };
		55186D2D23A463F7001B5A99 /* Strip_Slice_Array_3d_Test.cpp */ = {isa = PBXFileReference; lastKnownFileType = sourcecode.cpp.cpp; path = Strip_Slice_Array_3d_Test.cpp; sourceTree = "<group>"; };
		55186D2F23A4642E001B5A99 /* Strip.h */ = {isa = PBXFileReference; lastKnownFileType = sourcecode.c.h; path = Strip.h; sourceTree = "<group>"; };
		55186D3023A46451001B5A99 /* Timer.h */ = {isa = PBXFileReference; lastKnownFileType = sourcecode.c.h; path = Timer.h; sourceTree = "<group>"; };
		55186D3123A46485001B5A99 /* Tissue_Viewer.cpp */ = {isa = PBXFileReference; lastKnownFileType = sourcecode.cpp.cpp; path = Tissue_Viewer.cpp; sourceTree = "<group>"; };
		55186D3223A46485001B5A99 /* Tissue_Viewer.h */ = {isa = PBXFileReference; lastKnownFileType = sourcecode.c.h; path = Tissue_Viewer.h; sourceTree = "<group>"; };
		55186D3423A464CC001B5A99 /* Trackball.cpp */ = {isa = PBXFileReference; lastKnownFileType = sourcecode.cpp.cpp; path = Trackball.cpp; sourceTree = "<group>"; };
		55186D3523A464CC001B5A99 /* Trackball.h */ = {isa = PBXFileReference; lastKnownFileType = sourcecode.c.h; path = Trackball.h; sourceTree = "<group>"; };
		55186D3723A46509001B5A99 /* View_3d.cpp */ = {isa = PBXFileReference; lastKnownFileType = sourcecode.cpp.cpp; path = View_3d.cpp; sourceTree = "<group>"; };
		55186D3823A46509001B5A99 /* View_3d.h */ = {isa = PBXFileReference; lastKnownFileType = sourcecode.c.h; path = View_3d.h; sourceTree = "<group>"; };
		55186D3A23A46542001B5A99 /* wxGLCanvas2.cpp */ = {isa = PBXFileReference; lastKnownFileType = sourcecode.cpp.cpp; path = wxGLCanvas2.cpp; sourceTree = "<group>"; };
		55186D3B23A46542001B5A99 /* wxGLCanvas2.h */ = {isa = PBXFileReference; lastKnownFileType = sourcecode.c.h; path = wxGLCanvas2.h; sourceTree = "<group>"; };
		55186D3D23A46578001B5A99 /* Zoom.cpp */ = {isa = PBXFileReference; lastKnownFileType = sourcecode.cpp.cpp; path = Zoom.cpp; sourceTree = "<group>"; };
		55186D3E23A46578001B5A99 /* Zoom.h */ = {isa = PBXFileReference; lastKnownFileType = sourcecode.c.h; path = Zoom.h; sourceTree = "<group>"; };
		A06D8E76237CA91F0072B101 /* Unlikely_Event.cpp */ = {isa = PBXFileReference; fileEncoding = 4; lastKnownFileType = sourcecode.cpp.cpp; path = Unlikely_Event.cpp; sourceTree = "<group>"; };
		A06D8E77237CA9200072B101 /* Limited_History.h */ = {isa = PBXFileReference; fileEncoding = 4; lastKnownFileType = sourcecode.c.h; path = Limited_History.h; sourceTree = "<group>"; };
		A06D8E78237CA9200072B101 /* Slice.h */ = {isa = PBXFileReference; fileEncoding = 4; lastKnownFileType = sourcecode.c.h; path = Slice.h; sourceTree = "<group>"; };
		A06D8E79237CA9200072B101 /* Bit_Array_2d.h */ = {isa = PBXFileReference; fileEncoding = 4; lastKnownFileType = sourcecode.c.h; path = Bit_Array_2d.h; sourceTree = "<group>"; };
		A06D8E7A237CA9200072B101 /* Small_Sequence.h */ = {isa = PBXFileReference; fileEncoding = 4; lastKnownFileType = sourcecode.c.h; path = Small_Sequence.h; sourceTree = "<group>"; };
		A06D8E7B237CA9200072B101 /* CLI.cpp */ = {isa = PBXFileReference; fileEncoding = 4; lastKnownFileType = sourcecode.cpp.cpp; path = CLI.cpp; sourceTree = "<group>"; };
		A06D8E7C237CA9200072B101 /* Small_Sequence.cpp */ = {isa = PBXFileReference; fileEncoding = 4; lastKnownFileType = sourcecode.cpp.cpp; path = Small_Sequence.cpp; sourceTree = "<group>"; };
		A06D8E7D237CA9200072B101 /* Random_Number_Generator.cpp */ = {isa = PBXFileReference; fileEncoding = 4; lastKnownFileType = sourcecode.cpp.cpp; path = Random_Number_Generator.cpp; sourceTree = "<group>"; };
		A06D8E7E237CA9200072B101 /* Tissue.h */ = {isa = PBXFileReference; fileEncoding = 4; lastKnownFileType = sourcecode.c.h; path = Tissue.h; sourceTree = "<group>"; };
		A06D8E7F237CA9200072B101 /* Gradient_3d.h */ = {isa = PBXFileReference; fileEncoding = 4; lastKnownFileType = sourcecode.c.h; path = Gradient_3d.h; sourceTree = "<group>"; };
		A06D8E80237CA9200072B101 /* Bit_Vector.cpp */ = {isa = PBXFileReference; fileEncoding = 4; lastKnownFileType = sourcecode.cpp.cpp; path = Bit_Vector.cpp; sourceTree = "<group>"; };
		A06D8E81237CA9200072B101 /* Unlikely_Event.h */ = {isa = PBXFileReference; fileEncoding = 4; lastKnownFileType = sourcecode.c.h; path = Unlikely_Event.h; sourceTree = "<group>"; };
		A06D8E82237CA9200072B101 /* Bit_Array_3d.h */ = {isa = PBXFileReference; fileEncoding = 4; lastKnownFileType = sourcecode.c.h; path = Bit_Array_3d.h; sourceTree = "<group>"; };
		A06D8E83237CA9200072B101 /* Tissue_Genotype_History.cpp */ = {isa = PBXFileReference; fileEncoding = 4; lastKnownFileType = sourcecode.cpp.cpp; path = Tissue_Genotype_History.cpp; sourceTree = "<group>"; };
		A06D8E84237CA9200072B101 /* Hash.h */ = {isa = PBXFileReference; fileEncoding = 4; lastKnownFileType = sourcecode.c.h; path = Hash.h; sourceTree = "<group>"; };
		A06D8E85237CA9200072B101 /* Array_3d.h */ = {isa = PBXFileReference; fileEncoding = 4; lastKnownFileType = sourcecode.c.h; path = Array_3d.h; sourceTree = "<group>"; };
		A06D8E86237CA9210072B101 /* Array_2d.h */ = {isa = PBXFileReference; fileEncoding = 4; lastKnownFileType = sourcecode.c.h; path = Array_2d.h; sourceTree = "<group>"; };
		A06D8E87237CA9210072B101 /* Bit_Vector.h */ = {isa = PBXFileReference; fileEncoding = 4; lastKnownFileType = sourcecode.c.h; path = Bit_Vector.h; sourceTree = "<group>"; };
		A06D8E88237CA9210072B101 /* Random_Number_Generator.h */ = {isa = PBXFileReference; fileEncoding = 4; lastKnownFileType = sourcecode.c.h; path = Random_Number_Generator.h; sourceTree = "<group>"; };
		A06D8E89237CA9210072B101 /* Hash.cpp */ = {isa = PBXFileReference; fileEncoding = 4; lastKnownFileType = sourcecode.cpp.cpp; path = Hash.cpp; sourceTree = "<group>"; };
		A06D8E8A237CA9210072B101 /* Array_3d_Strip.h */ = {isa = PBXFileReference; fileEncoding = 4; lastKnownFileType = sourcecode.c.h; path = Array_3d_Strip.h; sourceTree = "<group>"; };
		A06D8E8B237CA9210072B101 /* Tissue_Parameters.h */ = {isa = PBXFileReference; fileEncoding = 4; lastKnownFileType = sourcecode.c.h; path = Tissue_Parameters.h; sourceTree = "<group>"; };
		A06D8E8C237CA9210072B101 /* Array_3d_Slice.h */ = {isa = PBXFileReference; fileEncoding = 4; lastKnownFileType = sourcecode.c.h; path = Array_3d_Slice.h; sourceTree = "<group>"; };
		A06D8E8D237CA9210072B101 /* Limited_History.cpp */ = {isa = PBXFileReference; fileEncoding = 4; lastKnownFileType = sourcecode.cpp.cpp; path = Limited_History.cpp; sourceTree = "<group>"; };
		A06D8E8E237CA9210072B101 /* Tissue.cpp */ = {isa = PBXFileReference; fileEncoding = 4; lastKnownFileType = sourcecode.cpp.cpp; path = Tissue.cpp; sourceTree = "<group>"; };
		A06D8E8F237CA9210072B101 /* Tissue_Genotype_History.h */ = {isa = PBXFileReference; fileEncoding = 4; lastKnownFileType = sourcecode.c.h; path = Tissue_Genotype_History.h; sourceTree = "<group>"; };
		A06D8E90237CA9220072B101 /* Mapping.h */ = {isa = PBXFileReference; fileEncoding = 4; lastKnownFileType = sourcecode.c.h; path = Mapping.h; sourceTree = "<group>"; };
		A06D8E91237CA9220072B101 /* Tissue_Parameters.cpp */ = {isa = PBXFileReference; fileEncoding = 4; lastKnownFileType = sourcecode.cpp.cpp; path = Tissue_Parameters.cpp; sourceTree = "<group>"; };
		A0858E87236A344600B7BD5E /* CancerSim2 */ = {isa = PBXFileReference; explicitFileType = "compiled.mach-o.executable"; includeInIndex = 0; path = CancerSim2; sourceTree = BUILT_PRODUCTS_DIR; };
/* End PBXFileReference section */

/* Begin PBXFrameworksBuildPhase section */
		A0858E84236A344600B7BD5E /* Frameworks */ = {
			isa = PBXFrameworksBuildPhase;
			buildActionMask = 2147483647;
			files = (
			);
			runOnlyForDeploymentPostprocessing = 0;
		};
/* End PBXFrameworksBuildPhase section */

/* Begin PBXGroup section */
		A0858E7E236A344600B7BD5E = {
			isa = PBXGroup;
			children = (
				A0858E89236A344600B7BD5E /* CancerSim2 */,
				A0858E88236A344600B7BD5E /* Products */,
			);
			sourceTree = "<group>";
		};
		A0858E88236A344600B7BD5E /* Products */ = {
			isa = PBXGroup;
			children = (
				A0858E87236A344600B7BD5E /* CancerSim2 */,
			);
			name = Products;
			sourceTree = "<group>";
		};
		A0858E89236A344600B7BD5E /* CancerSim2 */ = {
			isa = PBXGroup;
			children = (
				A06D8E86237CA9210072B101 /* Array_2d.h */,
				A06D8E8C237CA9210072B101 /* Array_3d_Slice.h */,
				A06D8E8A237CA9210072B101 /* Array_3d_Strip.h */,
				A06D8E85237CA9200072B101 /* Array_3d.h */,
				A06D8E79237CA9200072B101 /* Bit_Array_2d.h */,
				A06D8E82237CA9200072B101 /* Bit_Array_3d.h */,
				A06D8E80237CA9200072B101 /* Bit_Vector.cpp */,
				A06D8E87237CA9210072B101 /* Bit_Vector.h */,
				55186D0C23A45F4C001B5A99 /* Caption.cpp */,
				55186D0E23A45F6F001B5A99 /* Caption.h */,
				55186CFD23A45981001B5A99 /* Case.cpp */,
				55186CFC23A45908001B5A99 /* Case.h */,
				A06D8E7B237CA9200072B101 /* CLI.cpp */,
				55186D0223A45D9F001B5A99 /* Color_Key.cpp */,
				55186D0423A45DCA001B5A99 /* Color_Key.h */,
				55186D0823A45E73001B5A99 /* Color.h */,
				55186D0F23A45FCF001B5A99 /* Connect_Adjacent_Points.cpp */,
				55186D1023A45FCF001B5A99 /* Connect_Adjacent_Points.h */,
				55186D1223A4602C001B5A99 /* Dual_3d_View.cpp */,
				55186D1323A4602C001B5A99 /* Dual_3d_View.h */,
				55186D1523A4609C001B5A99 /* gl_pixel_projection.cpp */,
				55186D1623A4609C001B5A99 /* gl_pixel_projection.h */,
				55186D1823A460F7001B5A99 /* gl_save_backbuffer_as_bmp.cpp */,
				55186D1923A460F7001B5A99 /* gl_save_backbuffer_as_bmp.h */,
				55186D1B23A4614A001B5A99 /* gl_unproject.cpp */,
				55186D1C23A4614A001B5A99 /* gl_unproject.h */,
				A06D8E7F237CA9200072B101 /* Gradient_3d.h */,
				55186D1E23A461D3001B5A99 /* Grid_Vertex_Selection.cpp */,
				55186D1F23A461D3001B5A99 /* Grid_Vertex_Selection.h */,
				55186D2123A46214001B5A99 /* Grid_View.cpp */,
				55186D2223A46214001B5A99 /* Grid_View.h */,
				55186CF923A4582E001B5A99 /* GUI.cpp */,
				55186CFA23A4582E001B5A99 /* GUI.h */,
				A06D8E89237CA9210072B101 /* Hash.cpp */,
				A06D8E84237CA9200072B101 /* Hash.h */,
				55186D0923A45EDF001B5A99 /* History_View.cpp */,
				55186D0B23A45F04001B5A99 /* History_View.h */,
				A06D8E8D237CA9210072B101 /* Limited_History.cpp */,
				A06D8E77237CA9200072B101 /* Limited_History.h */,
				A06D8E90237CA9220072B101 /* Mapping.h */,
				55186D2423A46293001B5A99 /* Multi_Grid_View.cpp */,
				55186D2523A46293001B5A99 /* Multi_Grid_View.h */,
				55186D0523A45E09001B5A99 /* Palette.cpp */,
				55186D0723A45E45001B5A99 /* Palette.h */,
				55186D2723A462FE001B5A99 /* Point_3d.h */,
				A06D8E7D237CA9200072B101 /* Random_Number_Generator.cpp */,
				A06D8E88237CA9210072B101 /* Random_Number_Generator.h */,
				55186D2823A46347001B5A99 /* resources.cpp */,
				55186D2A23A4638C001B5A99 /* reviewGUI.cpp */,
				55186D2B23A4638C001B5A99 /* reviewGUI.h */,
				A06D8E78237CA9200072B101 /* Slice.h */,
				A06D8E7C237CA9200072B101 /* Small_Sequence.cpp */,
				A06D8E7A237CA9200072B101 /* Small_Sequence.h */,
				55186D2D23A463F7001B5A99 /* Strip_Slice_Array_3d_Test.cpp */,
				55186D2F23A4642E001B5A99 /* Strip.h */,
				55186D3023A46451001B5A99 /* Timer.h */,
				A06D8E83237CA9200072B101 /* Tissue_Genotype_History.cpp */,
				A06D8E8F237CA9210072B101 /* Tissue_Genotype_History.h */,
				55186CFF23A45A17001B5A99 /* Tissue_Parameters_Dialog.cpp */,
				55186D0123A45A46001B5A99 /* Tissue_Parameters_Dialog.h */,
				A06D8E91237CA9220072B101 /* Tissue_Parameters.cpp */,
				A06D8E8B237CA9210072B101 /* Tissue_Parameters.h */,
				55186D3123A46485001B5A99 /* Tissue_Viewer.cpp */,
				55186D3223A46485001B5A99 /* Tissue_Viewer.h */,
				A06D8E8E237CA9210072B101 /* Tissue.cpp */,
				A06D8E7E237CA9200072B101 /* Tissue.h */,
				A06D8E76237CA91F0072B101 /* Unlikely_Event.cpp */,
				A06D8E81237CA9200072B101 /* Unlikely_Event.h */,
				55186D3423A464CC001B5A99 /* Trackball.cpp */,
				55186D3523A464CC001B5A99 /* Trackball.h */,
				55186D3723A46509001B5A99 /* View_3d.cpp */,
				55186D3823A46509001B5A99 /* View_3d.h */,
				55186D3A23A46542001B5A99 /* wxGLCanvas2.cpp */,
				55186D3B23A46542001B5A99 /* wxGLCanvas2.h */,
				55186D3D23A46578001B5A99 /* Zoom.cpp */,
				55186D3E23A46578001B5A99 /* Zoom.h */,
			);
			path = CancerSim2;
			sourceTree = "<group>";
		};
/* End PBXGroup section */

/* Begin PBXNativeTarget section */
		A0858E86236A344600B7BD5E /* CancerSim2 */ = {
			isa = PBXNativeTarget;
			buildConfigurationList = A0858E8E236A344600B7BD5E /* Build configuration list for PBXNativeTarget "CancerSim2" */;
			buildPhases = (
				A0858E83236A344600B7BD5E /* Sources */,
				A0858E84236A344600B7BD5E /* Frameworks */,
				A0858E85236A344600B7BD5E /* CopyFiles */,
			);
			buildRules = (
			);
			dependencies = (
			);
			name = CancerSim2;
			productName = CancerSim2;
			productReference = A0858E87236A344600B7BD5E /* CancerSim2 */;
			productType = "com.apple.product-type.tool";
		};
/* End PBXNativeTarget section */

/* Begin PBXProject section */
		A0858E7F236A344600B7BD5E /* Project object */ = {
			isa = PBXProject;
			attributes = {
				LastUpgradeCheck = 1120;
				ORGANIZATIONNAME = "Arizona Cancer Evolution Center";
				TargetAttributes = {
					A0858E86236A344600B7BD5E = {
						CreatedOnToolsVersion = 11.1;
					};
				};
			};
			buildConfigurationList = A0858E82236A344600B7BD5E /* Build configuration list for PBXProject "CancerSim2" */;
			compatibilityVersion = "Xcode 9.3";
			developmentRegion = en;
			hasScannedForEncodings = 0;
			knownRegions = (
				en,
				Base,
			);
			mainGroup = A0858E7E236A344600B7BD5E;
			productRefGroup = A0858E88236A344600B7BD5E /* Products */;
			projectDirPath = "";
			projectRoot = "";
			targets = (
				A0858E86236A344600B7BD5E /* CancerSim2 */,
			);
		};
/* End PBXProject section */

/* Begin PBXSourcesBuildPhase section */
		A0858E83236A344600B7BD5E /* Sources */ = {
			isa = PBXSourcesBuildPhase;
			buildActionMask = 2147483647;
			files = (
				A06D8E94237CA9220072B101 /* Small_Sequence.cpp in Sources */,
				55186D0323A45D9F001B5A99 /* Color_Key.cpp in Sources */,
				55186D3623A464CC001B5A99 /* Trackball.cpp in Sources */,
				55186D2E23A463F7001B5A99 /* Strip_Slice_Array_3d_Test.cpp in Sources */,
				A06D8E93237CA9220072B101 /* CLI.cpp in Sources */,
				55186D0D23A45F4C001B5A99 /* Caption.cpp in Sources */,
				55186D1723A4609C001B5A99 /* gl_pixel_projection.cpp in Sources */,
				55186CFB23A4582E001B5A99 /* GUI.cpp in Sources */,
				A06D8E97237CA9220072B101 /* Tissue_Genotype_History.cpp in Sources */,
				55186D2923A46347001B5A99 /* resources.cpp in Sources */,
				55186D1D23A4614A001B5A99 /* gl_unproject.cpp in Sources */,
				55186D2623A46293001B5A99 /* Multi_Grid_View.cpp in Sources */,
				A06D8E96237CA9220072B101 /* Bit_Vector.cpp in Sources */,
				55186D3323A46485001B5A99 /* Tissue_Viewer.cpp in Sources */,
				55186D2023A461D3001B5A99 /* Grid_Vertex_Selection.cpp in Sources */,
				A06D8E98237CA9220072B101 /* Hash.cpp in Sources */,
				55186D3C23A46542001B5A99 /* wxGLCanvas2.cpp in Sources */,
				A06D8E9A237CA9220072B101 /* Tissue.cpp in Sources */,
				55186D2C23A4638C001B5A99 /* reviewGUI.cpp in Sources */,
				A06D8E9B237CA9220072B101 /* Tissue_Parameters.cpp in Sources */,
				55186D1423A4602C001B5A99 /* Dual_3d_View.cpp in Sources */,
				A06D8E95237CA9220072B101 /* Random_Number_Generator.cpp in Sources */,
				55186D0623A45E09001B5A99 /* Palette.cpp in Sources */,
				55186CFE23A45981001B5A99 /* Case.cpp in Sources */,
				55186D3F23A46578001B5A99 /* Zoom.cpp in Sources */,
				A06D8E99237CA9220072B101 /* Limited_History.cpp in Sources */,
				55186D1A23A460F7001B5A99 /* gl_save_backbuffer_as_bmp.cpp in Sources */,
				55186D3923A46509001B5A99 /* View_3d.cpp in Sources */,
				55186D0A23A45EDF001B5A99 /* History_View.cpp in Sources */,
				55186D1123A45FCF001B5A99 /* Connect_Adjacent_Points.cpp in Sources */,
				A06D8E92237CA9220072B101 /* Unlikely_Event.cpp in Sources */,
				55186D2323A46214001B5A99 /* Grid_View.cpp in Sources */,
				55186D0023A45A17001B5A99 /* Tissue_Parameters_Dialog.cpp in Sources */,
			);
			runOnlyForDeploymentPostprocessing = 0;
		};
/* End PBXSourcesBuildPhase section */

/* Begin XCBuildConfiguration section */
		A0858E8C236A344600B7BD5E /* Debug */ = {
			isa = XCBuildConfiguration;
			buildSettings = {
				ALWAYS_SEARCH_USER_PATHS = NO;
				CLANG_ANALYZER_NONNULL = YES;
				CLANG_ANALYZER_NUMBER_OBJECT_CONVERSION = YES_AGGRESSIVE;
				CLANG_CXX_LANGUAGE_STANDARD = "gnu++14";
				CLANG_CXX_LIBRARY = "libc++";
				CLANG_ENABLE_MODULES = YES;
				CLANG_ENABLE_OBJC_ARC = YES;
				CLANG_ENABLE_OBJC_WEAK = YES;
				CLANG_WARN_BLOCK_CAPTURE_AUTORELEASING = YES;
				CLANG_WARN_BOOL_CONVERSION = YES;
				CLANG_WARN_COMMA = YES;
				CLANG_WARN_CONSTANT_CONVERSION = YES;
				CLANG_WARN_DEPRECATED_OBJC_IMPLEMENTATIONS = YES;
				CLANG_WARN_DIRECT_OBJC_ISA_USAGE = YES_ERROR;
				CLANG_WARN_DOCUMENTATION_COMMENTS = YES;
				CLANG_WARN_EMPTY_BODY = YES;
				CLANG_WARN_ENUM_CONVERSION = YES;
				CLANG_WARN_INFINITE_RECURSION = YES;
				CLANG_WARN_INT_CONVERSION = YES;
				CLANG_WARN_NON_LITERAL_NULL_CONVERSION = YES;
				CLANG_WARN_OBJC_IMPLICIT_RETAIN_SELF = YES;
				CLANG_WARN_OBJC_LITERAL_CONVERSION = YES;
				CLANG_WARN_OBJC_ROOT_CLASS = YES_ERROR;
				CLANG_WARN_RANGE_LOOP_ANALYSIS = YES;
				CLANG_WARN_STRICT_PROTOTYPES = YES;
				CLANG_WARN_SUSPICIOUS_MOVE = YES;
				CLANG_WARN_UNGUARDED_AVAILABILITY = YES_AGGRESSIVE;
				CLANG_WARN_UNREACHABLE_CODE = YES;
				CLANG_WARN__DUPLICATE_METHOD_MATCH = YES;
				COPY_PHASE_STRIP = NO;
				DEBUG_INFORMATION_FORMAT = dwarf;
				ENABLE_STRICT_OBJC_MSGSEND = YES;
				ENABLE_TESTABILITY = YES;
				GCC_C_LANGUAGE_STANDARD = gnu11;
				GCC_DYNAMIC_NO_PIC = NO;
				GCC_NO_COMMON_BLOCKS = YES;
				GCC_OPTIMIZATION_LEVEL = 0;
				GCC_PREPROCESSOR_DEFINITIONS = (
					"DEBUG=1",
					"$(inherited)",
				);
				GCC_WARN_64_TO_32_BIT_CONVERSION = YES;
				GCC_WARN_ABOUT_RETURN_TYPE = YES_ERROR;
				GCC_WARN_UNDECLARED_SELECTOR = YES;
				GCC_WARN_UNINITIALIZED_AUTOS = YES_AGGRESSIVE;
				GCC_WARN_UNUSED_FUNCTION = YES;
				GCC_WARN_UNUSED_VARIABLE = YES;
				MACOSX_DEPLOYMENT_TARGET = 10.15;
				MTL_ENABLE_DEBUG_INFO = INCLUDE_SOURCE;
				MTL_FAST_MATH = YES;
				ONLY_ACTIVE_ARCH = YES;
				"OTHER_CPLUSPLUSFLAGS[arch=*]" = (
					"-I/usr/local/lib/wx/include/osx_cocoa-unicode-3.0",
					"-I/usr/local/include/wx-3.0",
					"-D_FILE_OFFSET_BITS=64",
					"-DWXUSINGDLL",
					"-D__WXMAC__",
					"-D__WXOSX__",
					"-D__WXOSX_COCOA__",
				);
				"OTHER_LDFLAGS[arch=*]" = (
					"-L/usr/local/lib",
					"-framework",
					IOKit,
					"-framework",
					Carbon,
					"-framework",
					Cocoa,
					"-framework",
					AudioToolbox,
					"-framework",
					System,
					"-framework",
					OpenGL,
					"-lwx_osx_cocoau_xrc-3.0",
					"-lwx_osx_cocoau_html-3.0",
					"-lwx_osx_cocoau_qa-3.0",
					"-lwx_osx_cocoau_adv-3.0",
					"-lwx_osx_cocoau_core-3.0",
					"-lwx_baseu_xml-3.0",
					"-lwx_baseu_net-3.0",
					"-lwx_baseu-3.0",
				);
				SDKROOT = macosx;
			};
			name = Debug;
		};
		A0858E8D236A344600B7BD5E /* Release */ = {
			isa = XCBuildConfiguration;
			buildSettings = {
				ALWAYS_SEARCH_USER_PATHS = NO;
				CLANG_ANALYZER_NONNULL = YES;
				CLANG_ANALYZER_NUMBER_OBJECT_CONVERSION = YES_AGGRESSIVE;
				CLANG_CXX_LANGUAGE_STANDARD = "gnu++14";
				CLANG_CXX_LIBRARY = "libc++";
				CLANG_ENABLE_MODULES = YES;
				CLANG_ENABLE_OBJC_ARC = YES;
				CLANG_ENABLE_OBJC_WEAK = YES;
				CLANG_WARN_BLOCK_CAPTURE_AUTORELEASING = YES;
				CLANG_WARN_BOOL_CONVERSION = YES;
				CLANG_WARN_COMMA = YES;
				CLANG_WARN_CONSTANT_CONVERSION = YES;
				CLANG_WARN_DEPRECATED_OBJC_IMPLEMENTATIONS = YES;
				CLANG_WARN_DIRECT_OBJC_ISA_USAGE = YES_ERROR;
				CLANG_WARN_DOCUMENTATION_COMMENTS = YES;
				CLANG_WARN_EMPTY_BODY = YES;
				CLANG_WARN_ENUM_CONVERSION = YES;
				CLANG_WARN_INFINITE_RECURSION = YES;
				CLANG_WARN_INT_CONVERSION = YES;
				CLANG_WARN_NON_LITERAL_NULL_CONVERSION = YES;
				CLANG_WARN_OBJC_IMPLICIT_RETAIN_SELF = YES;
				CLANG_WARN_OBJC_LITERAL_CONVERSION = YES;
				CLANG_WARN_OBJC_ROOT_CLASS = YES_ERROR;
				CLANG_WARN_RANGE_LOOP_ANALYSIS = YES;
				CLANG_WARN_STRICT_PROTOTYPES = YES;
				CLANG_WARN_SUSPICIOUS_MOVE = YES;
				CLANG_WARN_UNGUARDED_AVAILABILITY = YES_AGGRESSIVE;
				CLANG_WARN_UNREACHABLE_CODE = YES;
				CLANG_WARN__DUPLICATE_METHOD_MATCH = YES;
				COPY_PHASE_STRIP = NO;
				DEBUG_INFORMATION_FORMAT = "dwarf-with-dsym";
				ENABLE_NS_ASSERTIONS = NO;
				ENABLE_STRICT_OBJC_MSGSEND = YES;
				GCC_C_LANGUAGE_STANDARD = gnu11;
				GCC_NO_COMMON_BLOCKS = YES;
				GCC_WARN_64_TO_32_BIT_CONVERSION = YES;
				GCC_WARN_ABOUT_RETURN_TYPE = YES_ERROR;
				GCC_WARN_UNDECLARED_SELECTOR = YES;
				GCC_WARN_UNINITIALIZED_AUTOS = YES_AGGRESSIVE;
				GCC_WARN_UNUSED_FUNCTION = YES;
				GCC_WARN_UNUSED_VARIABLE = YES;
				MACOSX_DEPLOYMENT_TARGET = 10.15;
				MTL_ENABLE_DEBUG_INFO = NO;
				MTL_FAST_MATH = YES;
				"OTHER_CPLUSPLUSFLAGS[arch=*]" = (
					"-I/usr/local/lib/wx/include/osx_cocoa-unicode-3.0",
					"-I/usr/local/include/wx-3.0",
					"-D_FILE_OFFSET_BITS=64",
					"-DWXUSINGDLL",
					"-D__WXMAC__",
					"-D__WXOSX__",
					"-D__WXOSX_COCOA__",
				);
				"OTHER_LDFLAGS[arch=*]" = (
					"-L/usr/local/lib",
					"-framework",
					IOKit,
					"-framework",
					Carbon,
					"-framework",
					Cocoa,
					"-framework",
					AudioToolbox,
					"-framework",
					System,
					"-framework",
					OpenGL,
					"-lwx_osx_cocoau_xrc-3.0",
					"-lwx_osx_cocoau_html-3.0",
					"-lwx_osx_cocoau_qa-3.0",
					"-lwx_osx_cocoau_adv-3.0",
					"-lwx_osx_cocoau_core-3.0",
					"-lwx_baseu_xml-3.0",
					"-lwx_baseu_net-3.0",
					"-lwx_baseu-3.0",
				);
				SDKROOT = macosx;
			};
			name = Release;
		};
		A0858E8F236A344600B7BD5E /* Debug */ = {
			isa = XCBuildConfiguration;
			buildSettings = {
				CODE_SIGN_IDENTITY = "-";
				CODE_SIGN_STYLE = Automatic;
				PRODUCT_NAME = "$(TARGET_NAME)";
			};
			name = Debug;
		};
		A0858E90236A344600B7BD5E /* Release */ = {
			isa = XCBuildConfiguration;
			buildSettings = {
				CODE_SIGN_IDENTITY = "-";
				CODE_SIGN_STYLE = Automatic;
				PRODUCT_NAME = "$(TARGET_NAME)";
			};
			name = Release;
		};
/* End XCBuildConfiguration section */

/* Begin XCConfigurationList section */
		A0858E82236A344600B7BD5E /* Build configuration list for PBXProject "CancerSim2" */ = {
			isa = XCConfigurationList;
			buildConfigurations = (
				A0858E8C236A344600B7BD5E /* Debug */,
				A0858E8D236A344600B7BD5E /* Release */,
			);
			defaultConfigurationIsVisible = 0;
			defaultConfigurationName = Release;
		};
		A0858E8E236A344600B7BD5E /* Build configuration list for PBXNativeTarget "CancerSim2" */ = {
			isa = XCConfigurationList;
			buildConfigurations = (
				A0858E8F236A344600B7BD5E /* Debug */,
				A0858E90236A344600B7BD5E /* Release */,
			);
			defaultConfigurationIsVisible = 0;
			defaultConfigurationName = Release;
		};
/* End XCConfigurationList section */
	};
	rootObject = A0858E7F236A344600B7BD5E /* Project object */;
}
