// !$*UTF8*$!
{
	archiveVersion = 1;
	classes = {
	};
	objectVersion = 50;
	objects = {

/* Begin PBXBuildFile section */
		A06D8E92237CA9220072B101 /* Unlikely_Event.cpp in Sources */ = {isa = PBXBuildFile; fileRef = A06D8E76237CA91F0072B101 /* Unlikely_Event.cpp */; };
		A06D8E93237CA9220072B101 /* CLI.cpp in Sources */ = {isa = PBXBuildFile; fileRef = A06D8E7B237CA9200072B101 /* CLI.cpp */; };
		A06D8E94237CA9220072B101 /* Small_Sequence.cpp in Sources */ = {isa = PBXBuildFile; fileRef = A06D8E7C237CA9200072B101 /* Small_Sequence.cpp */; };
		A06D8E95237CA9220072B101 /* Random_Number_Generator.cpp in Sources */ = {isa = PBXBuildFile; fileRef = A06D8E7D237CA9200072B101 /* Random_Number_Generator.cpp */; };
		A06D8E96237CA9220072B101 /* Bit_Vector.cpp in Sources */ = {isa = PBXBuildFile; fileRef = A06D8E80237CA9200072B101 /* Bit_Vector.cpp */; };
		A06D8E97237CA9220072B101 /* Tissue_Genotype_History.cpp in Sources */ = {isa = PBXBuildFile; fileRef = A06D8E83237CA9200072B101 /* Tissue_Genotype_History.cpp */; };
		A06D8E98237CA9220072B101 /* Hash.cpp in Sources */ = {isa = PBXBuildFile; fileRef = A06D8E89237CA9210072B101 /* Hash.cpp */; };
		A06D8E99237CA9220072B101 /* Limited_History.cpp in Sources */ = {isa = PBXBuildFile; fileRef = A06D8E8D237CA9210072B101 /* Limited_History.cpp */; };
		A06D8E9A237CA9220072B101 /* Tissue.cpp in Sources */ = {isa = PBXBuildFile; fileRef = A06D8E8E237CA9210072B101 /* Tissue.cpp */; };
		A06D8E9B237CA9220072B101 /* Tissue_Parameters.cpp in Sources */ = {isa = PBXBuildFile; fileRef = A06D8E91237CA9220072B101 /* Tissue_Parameters.cpp */; };
/* End PBXBuildFile section */

/* Begin PBXCopyFilesBuildPhase section */
		A0858E85236A344600B7BD5E /* CopyFiles */ = {
			isa = PBXCopyFilesBuildPhase;
			buildActionMask = 2147483647;
			dstPath = /usr/share/man/man1/;
			dstSubfolderSpec = 0;
			files = (
			);
			runOnlyForDeploymentPostprocessing = 1;
		};
/* End PBXCopyFilesBuildPhase section */

/* Begin PBXFileReference section */
		A06D8E76237CA91F0072B101 /* Unlikely_Event.cpp */ = {isa = PBXFileReference; fileEncoding = 4; lastKnownFileType = sourcecode.cpp.cpp; path = Unlikely_Event.cpp; sourceTree = "<group>"; };
		A06D8E77237CA9200072B101 /* Limited_History.h */ = {isa = PBXFileReference; fileEncoding = 4; lastKnownFileType = sourcecode.c.h; path = Limited_History.h; sourceTree = "<group>"; };
		A06D8E78237CA9200072B101 /* Slice.h */ = {isa = PBXFileReference; fileEncoding = 4; lastKnownFileType = sourcecode.c.h; path = Slice.h; sourceTree = "<group>"; };
		A06D8E79237CA9200072B101 /* Bit_Array_2d.h */ = {isa = PBXFileReference; fileEncoding = 4; lastKnownFileType = sourcecode.c.h; path = Bit_Array_2d.h; sourceTree = "<group>"; };
		A06D8E7A237CA9200072B101 /* Small_Sequence.h */ = {isa = PBXFileReference; fileEncoding = 4; lastKnownFileType = sourcecode.c.h; path = Small_Sequence.h; sourceTree = "<group>"; };
		A06D8E7B237CA9200072B101 /* CLI.cpp */ = {isa = PBXFileReference; fileEncoding = 4; lastKnownFileType = sourcecode.cpp.cpp; path = CLI.cpp; sourceTree = "<group>"; };
		A06D8E7C237CA9200072B101 /* Small_Sequence.cpp */ = {isa = PBXFileReference; fileEncoding = 4; lastKnownFileType = sourcecode.cpp.cpp; path = Small_Sequence.cpp; sourceTree = "<group>"; };
		A06D8E7D237CA9200072B101 /* Random_Number_Generator.cpp */ = {isa = PBXFileReference; fileEncoding = 4; lastKnownFileType = sourcecode.cpp.cpp; path = Random_Number_Generator.cpp; sourceTree = "<group>"; };
		A06D8E7E237CA9200072B101 /* Tissue.h */ = {isa = PBXFileReference; fileEncoding = 4; lastKnownFileType = sourcecode.c.h; path = Tissue.h; sourceTree = "<group>"; };
		A06D8E7F237CA9200072B101 /* Gradient_3d.h */ = {isa = PBXFileReference; fileEncoding = 4; lastKnownFileType = sourcecode.c.h; path = Gradient_3d.h; sourceTree = "<group>"; };
		A06D8E80237CA9200072B101 /* Bit_Vector.cpp */ = {isa = PBXFileReference; fileEncoding = 4; lastKnownFileType = sourcecode.cpp.cpp; path = Bit_Vector.cpp; sourceTree = "<group>"; };
		A06D8E81237CA9200072B101 /* Unlikely_Event.h */ = {isa = PBXFileReference; fileEncoding = 4; lastKnownFileType = sourcecode.c.h; path = Unlikely_Event.h; sourceTree = "<group>"; };
		A06D8E82237CA9200072B101 /* Bit_Array_3d.h */ = {isa = PBXFileReference; fileEncoding = 4; lastKnownFileType = sourcecode.c.h; path = Bit_Array_3d.h; sourceTree = "<group>"; };
		A06D8E83237CA9200072B101 /* Tissue_Genotype_History.cpp */ = {isa = PBXFileReference; fileEncoding = 4; lastKnownFileType = sourcecode.cpp.cpp; path = Tissue_Genotype_History.cpp; sourceTree = "<group>"; };
		A06D8E84237CA9200072B101 /* Hash.h */ = {isa = PBXFileReference; fileEncoding = 4; lastKnownFileType = sourcecode.c.h; path = Hash.h; sourceTree = "<group>"; };
		A06D8E85237CA9200072B101 /* Array_3d.h */ = {isa = PBXFileReference; fileEncoding = 4; lastKnownFileType = sourcecode.c.h; path = Array_3d.h; sourceTree = "<group>"; };
		A06D8E86237CA9210072B101 /* Array_2d.h */ = {isa = PBXFileReference; fileEncoding = 4; lastKnownFileType = sourcecode.c.h; path = Array_2d.h; sourceTree = "<group>"; };
		A06D8E87237CA9210072B101 /* Bit_Vector.h */ = {isa = PBXFileReference; fileEncoding = 4; lastKnownFileType = sourcecode.c.h; path = Bit_Vector.h; sourceTree = "<group>"; };
		A06D8E88237CA9210072B101 /* Random_Number_Generator.h */ = {isa = PBXFileReference; fileEncoding = 4; lastKnownFileType = sourcecode.c.h; path = Random_Number_Generator.h; sourceTree = "<group>"; };
		A06D8E89237CA9210072B101 /* Hash.cpp */ = {isa = PBXFileReference; fileEncoding = 4; lastKnownFileType = sourcecode.cpp.cpp; path = Hash.cpp; sourceTree = "<group>"; };
		A06D8E8A237CA9210072B101 /* Array_3d_Strip.h */ = {isa = PBXFileReference; fileEncoding = 4; lastKnownFileType = sourcecode.c.h; path = Array_3d_Strip.h; sourceTree = "<group>"; };
		A06D8E8B237CA9210072B101 /* Tissue_Parameters.h */ = {isa = PBXFileReference; fileEncoding = 4; lastKnownFileType = sourcecode.c.h; path = Tissue_Parameters.h; sourceTree = "<group>"; };
		A06D8E8C237CA9210072B101 /* Array_3d_Slice.h */ = {isa = PBXFileReference; fileEncoding = 4; lastKnownFileType = sourcecode.c.h; path = Array_3d_Slice.h; sourceTree = "<group>"; };
		A06D8E8D237CA9210072B101 /* Limited_History.cpp */ = {isa = PBXFileReference; fileEncoding = 4; lastKnownFileType = sourcecode.cpp.cpp; path = Limited_History.cpp; sourceTree = "<group>"; };
		A06D8E8E237CA9210072B101 /* Tissue.cpp */ = {isa = PBXFileReference; fileEncoding = 4; lastKnownFileType = sourcecode.cpp.cpp; path = Tissue.cpp; sourceTree = "<group>"; };
		A06D8E8F237CA9210072B101 /* Tissue_Genotype_History.h */ = {isa = PBXFileReference; fileEncoding = 4; lastKnownFileType = sourcecode.c.h; path = Tissue_Genotype_History.h; sourceTree = "<group>"; };
		A06D8E90237CA9220072B101 /* Mapping.h */ = {isa = PBXFileReference; fileEncoding = 4; lastKnownFileType = sourcecode.c.h; path = Mapping.h; sourceTree = "<group>"; };
		A06D8E91237CA9220072B101 /* Tissue_Parameters.cpp */ = {isa = PBXFileReference; fileEncoding = 4; lastKnownFileType = sourcecode.cpp.cpp; path = Tissue_Parameters.cpp; sourceTree = "<group>"; };
		A0858E87236A344600B7BD5E /* CancerSim2 */ = {isa = PBXFileReference; explicitFileType = "compiled.mach-o.executable"; includeInIndex = 0; path = CancerSim2; sourceTree = BUILT_PRODUCTS_DIR; };
/* End PBXFileReference section */

/* Begin PBXFrameworksBuildPhase section */
		A0858E84236A344600B7BD5E /* Frameworks */ = {
			isa = PBXFrameworksBuildPhase;
			buildActionMask = 2147483647;
			files = (
			);
			runOnlyForDeploymentPostprocessing = 0;
		};
/* End PBXFrameworksBuildPhase section */

/* Begin PBXGroup section */
		A0858E7E236A344600B7BD5E = {
			isa = PBXGroup;
			children = (
				A0858E89236A344600B7BD5E /* CancerSim2 */,
				A0858E88236A344600B7BD5E /* Products */,
			);
			sourceTree = "<group>";
		};
		A0858E88236A344600B7BD5E /* Products */ = {
			isa = PBXGroup;
			children = (
				A0858E87236A344600B7BD5E /* CancerSim2 */,
			);
			name = Products;
			sourceTree = "<group>";
		};
		A0858E89236A344600B7BD5E /* CancerSim2 */ = {
			isa = PBXGroup;
			children = (
				A06D8E86237CA9210072B101 /* Array_2d.h */,
				A06D8E8C237CA9210072B101 /* Array_3d_Slice.h */,
				A06D8E8A237CA9210072B101 /* Array_3d_Strip.h */,
				A06D8E85237CA9200072B101 /* Array_3d.h */,
				A06D8E79237CA9200072B101 /* Bit_Array_2d.h */,
				A06D8E82237CA9200072B101 /* Bit_Array_3d.h */,
				A06D8E80237CA9200072B101 /* Bit_Vector.cpp */,
				A06D8E87237CA9210072B101 /* Bit_Vector.h */,
				A06D8E7B237CA9200072B101 /* CLI.cpp */,
				A06D8E7F237CA9200072B101 /* Gradient_3d.h */,
				A06D8E89237CA9210072B101 /* Hash.cpp */,
				A06D8E84237CA9200072B101 /* Hash.h */,
				A06D8E8D237CA9210072B101 /* Limited_History.cpp */,
				A06D8E77237CA9200072B101 /* Limited_History.h */,
				A06D8E90237CA9220072B101 /* Mapping.h */,
				A06D8E7D237CA9200072B101 /* Random_Number_Generator.cpp */,
				A06D8E88237CA9210072B101 /* Random_Number_Generator.h */,
				A06D8E78237CA9200072B101 /* Slice.h */,
				A06D8E7C237CA9200072B101 /* Small_Sequence.cpp */,
				A06D8E7A237CA9200072B101 /* Small_Sequence.h */,
				A06D8E83237CA9200072B101 /* Tissue_Genotype_History.cpp */,
				A06D8E8F237CA9210072B101 /* Tissue_Genotype_History.h */,
				A06D8E91237CA9220072B101 /* Tissue_Parameters.cpp */,
				A06D8E8B237CA9210072B101 /* Tissue_Parameters.h */,
				A06D8E8E237CA9210072B101 /* Tissue.cpp */,
				A06D8E7E237CA9200072B101 /* Tissue.h */,
				A06D8E76237CA91F0072B101 /* Unlikely_Event.cpp */,
				A06D8E81237CA9200072B101 /* Unlikely_Event.h */,
			);
			path = CancerSim2;
			sourceTree = "<group>";
		};
/* End PBXGroup section */

/* Begin PBXNativeTarget section */
		A0858E86236A344600B7BD5E /* CancerSim2 */ = {
			isa = PBXNativeTarget;
			buildConfigurationList = A0858E8E236A344600B7BD5E /* Build configuration list for PBXNativeTarget "CancerSim2" */;
			buildPhases = (
				A0858E83236A344600B7BD5E /* Sources */,
				A0858E84236A344600B7BD5E /* Frameworks */,
				A0858E85236A344600B7BD5E /* CopyFiles */,
			);
			buildRules = (
			);
			dependencies = (
			);
			name = CancerSim2;
			productName = CancerSim2;
			productReference = A0858E87236A344600B7BD5E /* CancerSim2 */;
			productType = "com.apple.product-type.tool";
		};
/* End PBXNativeTarget section */

/* Begin PBXProject section */
		A0858E7F236A344600B7BD5E /* Project object */ = {
			isa = PBXProject;
			attributes = {
				LastUpgradeCheck = 1110;
				ORGANIZATIONNAME = "Arizona Cancer Evolution Center";
				TargetAttributes = {
					A0858E86236A344600B7BD5E = {
						CreatedOnToolsVersion = 11.1;
					};
				};
			};
			buildConfigurationList = A0858E82236A344600B7BD5E /* Build configuration list for PBXProject "CancerSim2" */;
			compatibilityVersion = "Xcode 9.3";
			developmentRegion = en;
			hasScannedForEncodings = 0;
			knownRegions = (
				en,
				Base,
			);
			mainGroup = A0858E7E236A344600B7BD5E;
			productRefGroup = A0858E88236A344600B7BD5E /* Products */;
			projectDirPath = "";
			projectRoot = "";
			targets = (
				A0858E86236A344600B7BD5E /* CancerSim2 */,
			);
		};
/* End PBXProject section */

/* Begin PBXSourcesBuildPhase section */
		A0858E83236A344600B7BD5E /* Sources */ = {
			isa = PBXSourcesBuildPhase;
			buildActionMask = 2147483647;
			files = (
				A06D8E94237CA9220072B101 /* Small_Sequence.cpp in Sources */,
				A06D8E93237CA9220072B101 /* CLI.cpp in Sources */,
				A06D8E97237CA9220072B101 /* Tissue_Genotype_History.cpp in Sources */,
				A06D8E96237CA9220072B101 /* Bit_Vector.cpp in Sources */,
				A06D8E98237CA9220072B101 /* Hash.cpp in Sources */,
				A06D8E9A237CA9220072B101 /* Tissue.cpp in Sources */,
				A06D8E9B237CA9220072B101 /* Tissue_Parameters.cpp in Sources */,
				A06D8E95237CA9220072B101 /* Random_Number_Generator.cpp in Sources */,
				A06D8E99237CA9220072B101 /* Limited_History.cpp in Sources */,
				A06D8E92237CA9220072B101 /* Unlikely_Event.cpp in Sources */,
			);
			runOnlyForDeploymentPostprocessing = 0;
		};
/* End PBXSourcesBuildPhase section */

/* Begin XCBuildConfiguration section */
		A0858E8C236A344600B7BD5E /* Debug */ = {
			isa = XCBuildConfiguration;
			buildSettings = {
				ALWAYS_SEARCH_USER_PATHS = NO;
				CLANG_ANALYZER_NONNULL = YES;
				CLANG_ANALYZER_NUMBER_OBJECT_CONVERSION = YES_AGGRESSIVE;
				CLANG_CXX_LANGUAGE_STANDARD = "gnu++14";
				CLANG_CXX_LIBRARY = "libc++";
				CLANG_ENABLE_MODULES = YES;
				CLANG_ENABLE_OBJC_ARC = YES;
				CLANG_ENABLE_OBJC_WEAK = YES;
				CLANG_WARN_BLOCK_CAPTURE_AUTORELEASING = YES;
				CLANG_WARN_BOOL_CONVERSION = YES;
				CLANG_WARN_COMMA = YES;
				CLANG_WARN_CONSTANT_CONVERSION = YES;
				CLANG_WARN_DEPRECATED_OBJC_IMPLEMENTATIONS = YES;
				CLANG_WARN_DIRECT_OBJC_ISA_USAGE = YES_ERROR;
				CLANG_WARN_DOCUMENTATION_COMMENTS = YES;
				CLANG_WARN_EMPTY_BODY = YES;
				CLANG_WARN_ENUM_CONVERSION = YES;
				CLANG_WARN_INFINITE_RECURSION = YES;
				CLANG_WARN_INT_CONVERSION = YES;
				CLANG_WARN_NON_LITERAL_NULL_CONVERSION = YES;
				CLANG_WARN_OBJC_IMPLICIT_RETAIN_SELF = YES;
				CLANG_WARN_OBJC_LITERAL_CONVERSION = YES;
				CLANG_WARN_OBJC_ROOT_CLASS = YES_ERROR;
				CLANG_WARN_RANGE_LOOP_ANALYSIS = YES;
				CLANG_WARN_STRICT_PROTOTYPES = YES;
				CLANG_WARN_SUSPICIOUS_MOVE = YES;
				CLANG_WARN_UNGUARDED_AVAILABILITY = YES_AGGRESSIVE;
				CLANG_WARN_UNREACHABLE_CODE = YES;
				CLANG_WARN__DUPLICATE_METHOD_MATCH = YES;
				COPY_PHASE_STRIP = NO;
				DEBUG_INFORMATION_FORMAT = dwarf;
				ENABLE_STRICT_OBJC_MSGSEND = YES;
				ENABLE_TESTABILITY = YES;
				GCC_C_LANGUAGE_STANDARD = gnu11;
				GCC_DYNAMIC_NO_PIC = NO;
				GCC_NO_COMMON_BLOCKS = YES;
				GCC_OPTIMIZATION_LEVEL = 0;
				GCC_PREPROCESSOR_DEFINITIONS = (
					"DEBUG=1",
					"$(inherited)",
				);
				GCC_WARN_64_TO_32_BIT_CONVERSION = YES;
				GCC_WARN_ABOUT_RETURN_TYPE = YES_ERROR;
				GCC_WARN_UNDECLARED_SELECTOR = YES;
				GCC_WARN_UNINITIALIZED_AUTOS = YES_AGGRESSIVE;
				GCC_WARN_UNUSED_FUNCTION = YES;
				GCC_WARN_UNUSED_VARIABLE = YES;
				MACOSX_DEPLOYMENT_TARGET = 10.15;
				MTL_ENABLE_DEBUG_INFO = INCLUDE_SOURCE;
				MTL_FAST_MATH = YES;
				ONLY_ACTIVE_ARCH = YES;
				SDKROOT = macosx;
			};
			name = Debug;
		};
		A0858E8D236A344600B7BD5E /* Release */ = {
			isa = XCBuildConfiguration;
			buildSettings = {
				ALWAYS_SEARCH_USER_PATHS = NO;
				CLANG_ANALYZER_NONNULL = YES;
				CLANG_ANALYZER_NUMBER_OBJECT_CONVERSION = YES_AGGRESSIVE;
				CLANG_CXX_LANGUAGE_STANDARD = "gnu++14";
				CLANG_CXX_LIBRARY = "libc++";
				CLANG_ENABLE_MODULES = YES;
				CLANG_ENABLE_OBJC_ARC = YES;
				CLANG_ENABLE_OBJC_WEAK = YES;
				CLANG_WARN_BLOCK_CAPTURE_AUTORELEASING = YES;
				CLANG_WARN_BOOL_CONVERSION = YES;
				CLANG_WARN_COMMA = YES;
				CLANG_WARN_CONSTANT_CONVERSION = YES;
				CLANG_WARN_DEPRECATED_OBJC_IMPLEMENTATIONS = YES;
				CLANG_WARN_DIRECT_OBJC_ISA_USAGE = YES_ERROR;
				CLANG_WARN_DOCUMENTATION_COMMENTS = YES;
				CLANG_WARN_EMPTY_BODY = YES;
				CLANG_WARN_ENUM_CONVERSION = YES;
				CLANG_WARN_INFINITE_RECURSION = YES;
				CLANG_WARN_INT_CONVERSION = YES;
				CLANG_WARN_NON_LITERAL_NULL_CONVERSION = YES;
				CLANG_WARN_OBJC_IMPLICIT_RETAIN_SELF = YES;
				CLANG_WARN_OBJC_LITERAL_CONVERSION = YES;
				CLANG_WARN_OBJC_ROOT_CLASS = YES_ERROR;
				CLANG_WARN_RANGE_LOOP_ANALYSIS = YES;
				CLANG_WARN_STRICT_PROTOTYPES = YES;
				CLANG_WARN_SUSPICIOUS_MOVE = YES;
				CLANG_WARN_UNGUARDED_AVAILABILITY = YES_AGGRESSIVE;
				CLANG_WARN_UNREACHABLE_CODE = YES;
				CLANG_WARN__DUPLICATE_METHOD_MATCH = YES;
				COPY_PHASE_STRIP = NO;
				DEBUG_INFORMATION_FORMAT = "dwarf-with-dsym";
				ENABLE_NS_ASSERTIONS = NO;
				ENABLE_STRICT_OBJC_MSGSEND = YES;
				GCC_C_LANGUAGE_STANDARD = gnu11;
				GCC_NO_COMMON_BLOCKS = YES;
				GCC_WARN_64_TO_32_BIT_CONVERSION = YES;
				GCC_WARN_ABOUT_RETURN_TYPE = YES_ERROR;
				GCC_WARN_UNDECLARED_SELECTOR = YES;
				GCC_WARN_UNINITIALIZED_AUTOS = YES_AGGRESSIVE;
				GCC_WARN_UNUSED_FUNCTION = YES;
				GCC_WARN_UNUSED_VARIABLE = YES;
				MACOSX_DEPLOYMENT_TARGET = 10.15;
				MTL_ENABLE_DEBUG_INFO = NO;
				MTL_FAST_MATH = YES;
				SDKROOT = macosx;
			};
			name = Release;
		};
		A0858E8F236A344600B7BD5E /* Debug */ = {
			isa = XCBuildConfiguration;
			buildSettings = {
				CODE_SIGN_STYLE = Automatic;
				PRODUCT_NAME = "$(TARGET_NAME)";
			};
			name = Debug;
		};
		A0858E90236A344600B7BD5E /* Release */ = {
			isa = XCBuildConfiguration;
			buildSettings = {
				CODE_SIGN_STYLE = Automatic;
				PRODUCT_NAME = "$(TARGET_NAME)";
			};
			name = Release;
		};
/* End XCBuildConfiguration section */

/* Begin XCConfigurationList section */
		A0858E82236A344600B7BD5E /* Build configuration list for PBXProject "CancerSim2" */ = {
			isa = XCConfigurationList;
			buildConfigurations = (
				A0858E8C236A344600B7BD5E /* Debug */,
				A0858E8D236A344600B7BD5E /* Release */,
			);
			defaultConfigurationIsVisible = 0;
			defaultConfigurationName = Release;
		};
		A0858E8E236A344600B7BD5E /* Build configuration list for PBXNativeTarget "CancerSim2" */ = {
			isa = XCConfigurationList;
			buildConfigurations = (
				A0858E8F236A344600B7BD5E /* Debug */,
				A0858E90236A344600B7BD5E /* Release */,
			);
			defaultConfigurationIsVisible = 0;
			defaultConfigurationName = Release;
		};
/* End XCConfigurationList section */
	};
	rootObject = A0858E7F236A344600B7BD5E /* Project object */;
}
